lockfileVersion: '9.0'

settings:
  autoInstallPeers: true
  excludeLinksFromLockfile: false

importers:

  .:
    dependencies:
      react:
        specifier: ^18.3.1
        version: 18.3.1
      satori:
        specifier: ^0.16.2
        version: 0.16.2
    devDependencies:
      '@biomejs/biome':
        specifier: 2.2.7
        version: 2.2.7
      '@types/node':
        specifier: 20.19.32
        version: 20.19.32
      tsx:
        specifier: 4.20.5
        version: 4.20.5

packages:

  '@biomejs/biome@2.2.7':
    resolution: {integrity: sha512-1a8j0UP1vXVUf3UzMZEJ/zS2VgAG6wU6Cuh/I764sUGI+MCnJs/9WaojHYBDCxCMLTgU60/WqnYof85emXmSBA==}
    engines: {node: '>=14.21.3'}
    hasBin: true

  '@biomejs/cli-darwin-arm64@2.2.7':
    resolution: {integrity: sha512-xBUUsebnO2/Qj1v7eZmKUy2ZcFkZ4/jLUkxN02Qup1RPoRaiW9AKXHrqS3L7iX6PzofHY2xuZ+Pb9kAcpoe0qA==}
    engines: {node: '>=14.21.3'}
    cpu: [arm64]
    os: [darwin]

  '@biomejs/cli-darwin-x64@2.2.7':
    resolution: {integrity: sha512-vsY4NhmxqgfLJufr9XUnC+yGUPJiXAc1mz6FcjaAmuIuLwfghN4uQO7hnW2AneGyoi2mNe9Jbvf6Qtq4AjzrFg==}
    engines: {node: '>=14.21.3'}
    cpu: [x64]
    os: [darwin]

  '@biomejs/cli-linux-arm64-musl@2.2.7':
    resolution: {integrity: sha512-FrTwvKO/7t5HbVTvhlMOTOVQLAcR7r4O4iFQhEpZXUtBfosHqrX/JJlX7daPawoe14MDcCu9CDg0zLVpTuDvuQ==}
    engines: {node: '>=14.21.3'}
    cpu: [arm64]
    os: [linux]
    libc: [musl]

  '@biomejs/cli-linux-arm64@2.2.7':
    resolution: {integrity: sha512-nUdco104rjV9dULi1VssQ5R/kX2jE/Z2sDjyqS+siV9sTQda0DwmEUixFNRCWvZJRRiZUWhgiDFJ4n7RowO8Mg==}
    engines: {node: '>=14.21.3'}
    cpu: [arm64]
    os: [linux]
    libc: [glibc]

  '@biomejs/cli-linux-x64-musl@2.2.7':
    resolution: {integrity: sha512-MnsysF5s/iLC5wnYvuMseOy+m8Pd4bWG1uwlVyy2AUbfjAVUgtbYbboc5wMXljFrDY7e6rLjLTR4S2xqDpGlQg==}
    engines: {node: '>=14.21.3'}
    cpu: [x64]
    os: [linux]
    libc: [musl]

  '@biomejs/cli-linux-x64@2.2.7':
    resolution: {integrity: sha512-tPTcGAIEOOZrj2tQ7fdraWlaxNKApBw6l4In8wQQV1IyxnAexqi0hykHzKEX8hKKctf5gxGBfNCzyIvqpj4CFQ==}
    engines: {node: '>=14.21.3'}
    cpu: [x64]
    os: [linux]
    libc: [glibc]

  '@biomejs/cli-win32-arm64@2.2.7':
    resolution: {integrity: sha512-h5D1jhwA2b7cFXerYiJfXHSzzAMFFoEDL5Mc2BgiaEw0iaSgSso/3Nc6FbOR55aTQISql+IpB4PS7JoV26Gdbw==}
    engines: {node: '>=14.21.3'}
    cpu: [arm64]
    os: [win32]

  '@biomejs/cli-win32-x64@2.2.7':
    resolution: {integrity: sha512-URqAJi0kONyBKG4V9NVafHLDtm6IHmF4qPYi/b6x7MD6jxpWeJiTCO6R5+xDlWckX2T/OGv6Yq3nkz6s0M8Ykw==}
    engines: {node: '>=14.21.3'}
    cpu: [x64]
    os: [win32]

  '@esbuild/aix-ppc64@0.25.12':
    resolution: {integrity: sha512-Hhmwd6CInZ3dwpuGTF8fJG6yoWmsToE+vYgD4nytZVxcu1ulHpUQRAB1UJ8+N1Am3Mz4+xOByoQoSZf4D+CpkA==}
    engines: {node: '>=18'}
    cpu: [ppc64]
    os: [aix]

  '@esbuild/android-arm64@0.25.12':
    resolution: {integrity: sha512-6AAmLG7zwD1Z159jCKPvAxZd4y/VTO0VkprYy+3N2FtJ8+BQWFXU+OxARIwA46c5tdD9SsKGZ/1ocqBS/gAKHg==}
    engines: {node: '>=18'}
    cpu: [arm64]
    os: [android]

  '@esbuild/android-arm@0.25.12':
    resolution: {integrity: sha512-VJ+sKvNA/GE7Ccacc9Cha7bpS8nyzVv0jdVgwNDaR4gDMC/2TTRc33Ip8qrNYUcpkOHUT5OZ0bUcNNVZQ9RLlg==}
    engines: {node: '>=18'}
    cpu: [arm]
    os: [android]

  '@esbuild/android-x64@0.25.12':
    resolution: {integrity: sha512-5jbb+2hhDHx5phYR2By8GTWEzn6I9UqR11Kwf22iKbNpYrsmRB18aX/9ivc5cabcUiAT/wM+YIZ6SG9QO6a8kg==}
    engines: {node: '>=18'}
    cpu: [x64]
    os: [android]

  '@esbuild/darwin-arm64@0.25.12':
    resolution: {integrity: sha512-N3zl+lxHCifgIlcMUP5016ESkeQjLj/959RxxNYIthIg+CQHInujFuXeWbWMgnTo4cp5XVHqFPmpyu9J65C1Yg==}
    engines: {node: '>=18'}
    cpu: [arm64]
    os: [darwin]

  '@esbuild/darwin-x64@0.25.12':
    resolution: {integrity: sha512-HQ9ka4Kx21qHXwtlTUVbKJOAnmG1ipXhdWTmNXiPzPfWKpXqASVcWdnf2bnL73wgjNrFXAa3yYvBSd9pzfEIpA==}
    engines: {node: '>=18'}
    cpu: [x64]
    os: [darwin]

  '@esbuild/freebsd-arm64@0.25.12':
    resolution: {integrity: sha512-gA0Bx759+7Jve03K1S0vkOu5Lg/85dou3EseOGUes8flVOGxbhDDh/iZaoek11Y8mtyKPGF3vP8XhnkDEAmzeg==}
    engines: {node: '>=18'}
    cpu: [arm64]
    os: [freebsd]

  '@esbuild/freebsd-x64@0.25.12':
    resolution: {integrity: sha512-TGbO26Yw2xsHzxtbVFGEXBFH0FRAP7gtcPE7P5yP7wGy7cXK2oO7RyOhL5NLiqTlBh47XhmIUXuGciXEqYFfBQ==}
    engines: {node: '>=18'}
    cpu: [x64]
    os: [freebsd]

  '@esbuild/linux-arm64@0.25.12':
    resolution: {integrity: sha512-8bwX7a8FghIgrupcxb4aUmYDLp8pX06rGh5HqDT7bB+8Rdells6mHvrFHHW2JAOPZUbnjUpKTLg6ECyzvas2AQ==}
    engines: {node: '>=18'}
    cpu: [arm64]
    os: [linux]

  '@esbuild/linux-arm@0.25.12':
    resolution: {integrity: sha512-lPDGyC1JPDou8kGcywY0YILzWlhhnRjdof3UlcoqYmS9El818LLfJJc3PXXgZHrHCAKs/Z2SeZtDJr5MrkxtOw==}
    engines: {node: '>=18'}
    cpu: [arm]
    os: [linux]

  '@esbuild/linux-ia32@0.25.12':
    resolution: {integrity: sha512-0y9KrdVnbMM2/vG8KfU0byhUN+EFCny9+8g202gYqSSVMonbsCfLjUO+rCci7pM0WBEtz+oK/PIwHkzxkyharA==}
    engines: {node: '>=18'}
    cpu: [ia32]
    os: [linux]

  '@esbuild/linux-loong64@0.25.12':
    resolution: {integrity: sha512-h///Lr5a9rib/v1GGqXVGzjL4TMvVTv+s1DPoxQdz7l/AYv6LDSxdIwzxkrPW438oUXiDtwM10o9PmwS/6Z0Ng==}
    engines: {node: '>=18'}
    cpu: [loong64]
    os: [linux]

  '@esbuild/linux-mips64el@0.25.12':
    resolution: {integrity: sha512-iyRrM1Pzy9GFMDLsXn1iHUm18nhKnNMWscjmp4+hpafcZjrr2WbT//d20xaGljXDBYHqRcl8HnxbX6uaA/eGVw==}
    engines: {node: '>=18'}
    cpu: [mips64el]
    os: [linux]

  '@esbuild/linux-ppc64@0.25.12':
    resolution: {integrity: sha512-9meM/lRXxMi5PSUqEXRCtVjEZBGwB7P/D4yT8UG/mwIdze2aV4Vo6U5gD3+RsoHXKkHCfSxZKzmDssVlRj1QQA==}
    engines: {node: '>=18'}
    cpu: [ppc64]
    os: [linux]

  '@esbuild/linux-riscv64@0.25.12':
    resolution: {integrity: sha512-Zr7KR4hgKUpWAwb1f3o5ygT04MzqVrGEGXGLnj15YQDJErYu/BGg+wmFlIDOdJp0PmB0lLvxFIOXZgFRrdjR0w==}
    engines: {node: '>=18'}
    cpu: [riscv64]
    os: [linux]

  '@esbuild/linux-s390x@0.25.12':
    resolution: {integrity: sha512-MsKncOcgTNvdtiISc/jZs/Zf8d0cl/t3gYWX8J9ubBnVOwlk65UIEEvgBORTiljloIWnBzLs4qhzPkJcitIzIg==}
    engines: {node: '>=18'}
    cpu: [s390x]
    os: [linux]

  '@esbuild/linux-x64@0.25.12':
    resolution: {integrity: sha512-uqZMTLr/zR/ed4jIGnwSLkaHmPjOjJvnm6TVVitAa08SLS9Z0VM8wIRx7gWbJB5/J54YuIMInDquWyYvQLZkgw==}
    engines: {node: '>=18'}
    cpu: [x64]
    os: [linux]

  '@esbuild/netbsd-arm64@0.25.12':
    resolution: {integrity: sha512-xXwcTq4GhRM7J9A8Gv5boanHhRa/Q9KLVmcyXHCTaM4wKfIpWkdXiMog/KsnxzJ0A1+nD+zoecuzqPmCRyBGjg==}
    engines: {node: '>=18'}
    cpu: [arm64]
    os: [netbsd]

  '@esbuild/netbsd-x64@0.25.12':
    resolution: {integrity: sha512-Ld5pTlzPy3YwGec4OuHh1aCVCRvOXdH8DgRjfDy/oumVovmuSzWfnSJg+VtakB9Cm0gxNO9BzWkj6mtO1FMXkQ==}
    engines: {node: '>=18'}
    cpu: [x64]
    os: [netbsd]

  '@esbuild/openbsd-arm64@0.25.12':
    resolution: {integrity: sha512-fF96T6KsBo/pkQI950FARU9apGNTSlZGsv1jZBAlcLL1MLjLNIWPBkj5NlSz8aAzYKg+eNqknrUJ24QBybeR5A==}
    engines: {node: '>=18'}
    cpu: [arm64]
    os: [openbsd]

  '@esbuild/openbsd-x64@0.25.12':
    resolution: {integrity: sha512-MZyXUkZHjQxUvzK7rN8DJ3SRmrVrke8ZyRusHlP+kuwqTcfWLyqMOE3sScPPyeIXN/mDJIfGXvcMqCgYKekoQw==}
    engines: {node: '>=18'}
    cpu: [x64]
    os: [openbsd]

  '@esbuild/openharmony-arm64@0.25.12':
    resolution: {integrity: sha512-rm0YWsqUSRrjncSXGA7Zv78Nbnw4XL6/dzr20cyrQf7ZmRcsovpcRBdhD43Nuk3y7XIoW2OxMVvwuRvk9XdASg==}
    engines: {node: '>=18'}
    cpu: [arm64]
    os: [openharmony]

  '@esbuild/sunos-x64@0.25.12':
    resolution: {integrity: sha512-3wGSCDyuTHQUzt0nV7bocDy72r2lI33QL3gkDNGkod22EsYl04sMf0qLb8luNKTOmgF/eDEDP5BFNwoBKH441w==}
    engines: {node: '>=18'}
    cpu: [x64]
    os: [sunos]

  '@esbuild/win32-arm64@0.25.12':
    resolution: {integrity: sha512-rMmLrur64A7+DKlnSuwqUdRKyd3UE7oPJZmnljqEptesKM8wx9J8gx5u0+9Pq0fQQW8vqeKebwNXdfOyP+8Bsg==}
    engines: {node: '>=18'}
    cpu: [arm64]
    os: [win32]

  '@esbuild/win32-ia32@0.25.12':
    resolution: {integrity: sha512-HkqnmmBoCbCwxUKKNPBixiWDGCpQGVsrQfJoVGYLPT41XWF8lHuE5N6WhVia2n4o5QK5M4tYr21827fNhi4byQ==}
    engines: {node: '>=18'}
    cpu: [ia32]
    os: [win32]

  '@esbuild/win32-x64@0.25.12':
    resolution: {integrity: sha512-alJC0uCZpTFrSL0CCDjcgleBXPnCrEAhTBILpeAp7M/OFgoqtAetfBzX0xM00MUsVVPpVjlPuMbREqnZCXaTnA==}
    engines: {node: '>=18'}
    cpu: [x64]
    os: [win32]

  '@shuding/opentype.js@1.4.0-beta.0':
    resolution: {integrity: sha512-3NgmNyH3l/Hv6EvsWJbsvpcpUba6R8IREQ83nH83cyakCw7uM1arZKNfHwv1Wz6jgqrF/j4x5ELvR6PnK9nTcA==}
    engines: {node: '>= 8.0.0'}
    hasBin: true

  '@types/node@20.19.32':
    resolution: {integrity: sha512-Ez8QE4DMfhjjTsES9K2dwfV258qBui7qxUsoaixZDiTzbde4U12e1pXGNu/ECsUIOi5/zoCxAQxIhQnaUQ2VvA==}

  base64-js@0.0.8:
    resolution: {integrity: sha512-3XSA2cR/h/73EzlXXdU6YNycmYI7+kicTxks4eJg2g39biHR84slg2+des+p7iHYhbRg/udIS4TD53WabcOUkw==}
    engines: {node: '>= 0.4'}

  camelize@1.0.1:
    resolution: {integrity: sha512-dU+Tx2fsypxTgtLoE36npi3UqcjSSMNYfkqgmoEhtZrraP5VWq0K7FkWVTYa8eMPtnU/G2txVsfdCJTn9uzpuQ==}

  color-name@1.1.4:
    resolution: {integrity: sha512-dOy+3AuW3a2wNbZHIuMZpTcgjGuLU/uBL/ubcZF9OXbDo8ff4O8yVp5Bf0efS8uEoYo5q4Fx7dY9OgQGXgAsQA==}

  css-background-parser@0.1.0:
    resolution: {integrity: sha512-2EZLisiZQ+7m4wwur/qiYJRniHX4K5Tc9w93MT3AS0WS1u5kaZ4FKXlOTBhOjc+CgEgPiGY+fX1yWD8UwpEqUA==}

  css-box-shadow@1.0.0-3:
    resolution: {integrity: sha512-9jaqR6e7Ohds+aWwmhe6wILJ99xYQbfmK9QQB9CcMjDbTxPZjwEmUQpU91OG05Xgm8BahT5fW+svbsQGjS/zPg==}

  css-color-keywords@1.0.0:
    resolution: {integrity: sha512-FyyrDHZKEjXDpNJYvVsV960FiqQyXc/LlYmsxl2BcdMb2WPx0OGRVgTg55rPSyLSNMqP52R9r8geSp7apN3Ofg==}
    engines: {node: '>=4'}

  css-gradient-parser@0.0.17:
    resolution: {integrity: sha512-w2Xy9UMMwlKtou0vlRnXvWglPAceXCTtcmVSo8ZBUvqCV5aXEFP/PC6d+I464810I9FT++UACwTD5511bmGPUg==}
    engines: {node: '>=16'}

  css-to-react-native@3.2.0:
    resolution: {integrity: sha512-e8RKaLXMOFii+02mOlqwjbD00KSEKqblnpO9e++1aXS1fPQOpS1YoqdVHBqPjHNoxeF2mimzVqawm2KCbEdtHQ==}

  emoji-regex-xs@2.0.1:
    resolution: {integrity: sha512-1QFuh8l7LqUcKe24LsPUNzjrzJQ7pgRwp1QMcZ5MX6mFplk2zQ08NVCM84++1cveaUUYtcCYHmeFEuNg16sU4g==}
    engines: {node: '>=10.0.0'}

  esbuild@0.25.12:
    resolution: {integrity: sha512-bbPBYYrtZbkt6Os6FiTLCTFxvq4tt3JKall1vRwshA3fdVztsLAatFaZobhkBC8/BrPetoa0oksYoKXoG4ryJg==}
    engines: {node: '>=18'}
    hasBin: true

  escape-html@1.0.3:
    resolution: {integrity: sha512-NiSupZ4OeuGwr68lGIeym/ksIZMJodUGOSCZ/FSnTxcrekbvqrgdUxlJOMpijaKZVjAJrWrGs/6Jy8OMuyj9ow==}

  fflate@0.7.4:
    resolution: {integrity: sha512-5u2V/CDW15QM1XbbgS+0DfPxVB+jUKhWEKuuFuHncbk3tEEqzmoXL+2KyOFuKGqOnmdIy0/davWF1CkuwtibCw==}

  fsevents@2.3.3:
    resolution: {integrity: sha512-5xoDfX+fL7faATnagmWPpbFtwh/R77WmMMqqHGS65C3vvB0YHrgF+B1YmZ3441tMj5n63k0212XNoJwzlhffQw==}
    engines: {node: ^8.16.0 || ^10.6.0 || >=11.0.0}
    os: [darwin]

  get-tsconfig@4.13.6:
    resolution: {integrity: sha512-shZT/QMiSHc/YBLxxOkMtgSid5HFoauqCE3/exfsEcwg1WkeqjG+V40yBbBrsD+jW2HDXcs28xOfcbm2jI8Ddw==}

  hex-rgb@4.3.0:
    resolution: {integrity: sha512-Ox1pJVrDCyGHMG9CFg1tmrRUMRPRsAWYc/PinY0XzJU4K7y7vjNoLKIQ7BR5UJMCxNN8EM1MNDmHWA/B3aZUuw==}
    engines: {node: '>=6'}

  js-tokens@4.0.0:
    resolution: {integrity: sha512-RdJUflcE3cUzKiMqQgsCu06FPu9UdIJO0beYbPhHN4k6apgJtifcoCtT9bcxOpYBtpD2kCM6Sbzg4CausW/PKQ==}

  linebreak@1.1.0:
    resolution: {integrity: sha512-MHp03UImeVhB7XZtjd0E4n6+3xr5Dq/9xI/5FptGk5FrbDR3zagPa2DS6U8ks/3HjbKWG9Q1M2ufOzxV2qLYSQ==}

  loose-envify@1.4.0:
    resolution: {integrity: sha512-lyuxPGr/Wfhrlem2CL/UcnUc1zcqKAImBDzukY7Y5F/yQiNdko6+fRLevlw1HgMySw7f611UIY408EtxRSoK3Q==}
    hasBin: true

  pako@0.2.9:
    resolution: {integrity: sha512-NUcwaKxUxWrZLpDG+z/xZaCgQITkA/Dv4V/T6bw7VON6l1Xz/VnrBqrYjZQ12TamKHzITTfOEIYUj48y2KXImA==}

  parse-css-color@0.2.1:
    resolution: {integrity: sha512-bwS/GGIFV3b6KS4uwpzCFj4w297Yl3uqnSgIPsoQkx7GMLROXfMnWvxfNkL0oh8HVhZA4hvJoEoEIqonfJ3BWg==}

  postcss-value-parser@4.2.0:
    resolution: {integrity: sha512-1NNCs6uurfkVbeXG4S8JFT9t19m45ICnif8zWLd5oPSZ50QnwMfK+H3jv408d4jw/7Bttv5axS5IiHoLaVNHeQ==}

  react@18.3.1:
    resolution: {integrity: sha512-wS+hAgJShR0KhEvPJArfuPVN1+Hz1t0Y6n5jLrGQbkb4urgPE/0Rve+1kMB1v/oWgHgm4WIcV+i7F2pTVj+2iQ==}
    engines: {node: '>=0.10.0'}

  resolve-pkg-maps@1.0.0:
    resolution: {integrity: sha512-seS2Tj26TBVOC2NIc2rOe2y2ZO7efxITtLZcGSOnHHNOQ7CkiUBfw0Iw2ck6xkIhPwLhKNLS8BO+hEpngQlqzw==}

  satori@0.16.2:
    resolution: {integrity: sha512-tORnR2UZ1cB9N81WDjx5ZC4ToPmkybnJWyR8N1OC/z+5kWZcG1mcLssJ5WLNBj1lNr2igIFW0bIiugCxRKL/jQ==}
    engines: {node: '>=16'}

  string.prototype.codepointat@0.2.1:
    resolution: {integrity: sha512-2cBVCj6I4IOvEnjgO/hWqXjqBGsY+zwPmHl12Srk9IXSZ56Jwwmy+66XO5Iut/oQVR7t5ihYdLB0GMa4alEUcg==}

  tiny-inflate@1.0.3:
    resolution: {integrity: sha512-pkY1fj1cKHb2seWDy0B16HeWyczlJA9/WW3u3c4z/NiWDsO3DOU5D7nhTLE9CF0yXv/QZFY7sEJmj24dK+Rrqw==}

  tsx@4.20.5:
    resolution: {integrity: sha512-+wKjMNU9w/EaQayHXb7WA7ZaHY6hN8WgfvHNQ3t1PnU91/7O8TcTnIhCDYTZwnt8JsO9IBqZ30Ln1r7pPF52Aw==}
    engines: {node: '>=18.0.0'}
    hasBin: true

  undici-types@6.21.0:
    resolution: {integrity: sha512-iwDZqg0QAGrg9Rav5H4n0M64c3mkR59cJ6wQp+7C4nI0gsmExaedaYLNO44eT4AtBBwjbTiGPMlt2Md0T9H9JQ==}

  unicode-trie@2.0.0:
    resolution: {integrity: sha512-x7bc76x0bm4prf1VLg79uhAzKw8DVboClSN5VxJuQ+LKDOVEW9CdH+VY7SP+vX7xCYQqzzgQpFqz15zeLvAtZQ==}

  yoga-layout@3.2.1:
    resolution: {integrity: sha512-0LPOt3AxKqMdFBZA3HBAt/t/8vIKq7VaQYbuA8WxCgung+p9TVyKRYdpvCb80HcdTN2NkbIKbhNwKUfm3tQywQ==}

snapshots:

  '@biomejs/biome@2.2.7':
    optionalDependencies:
      '@biomejs/cli-darwin-arm64': 2.2.7
      '@biomejs/cli-darwin-x64': 2.2.7
      '@biomejs/cli-linux-arm64': 2.2.7
      '@biomejs/cli-linux-arm64-musl': 2.2.7
      '@biomejs/cli-linux-x64': 2.2.7
      '@biomejs/cli-linux-x64-musl': 2.2.7
      '@biomejs/cli-win32-arm64': 2.2.7
      '@biomejs/cli-win32-x64': 2.2.7

  '@biomejs/cli-darwin-arm64@2.2.7':
    optional: true

  '@biomejs/cli-darwin-x64@2.2.7':
    optional: true

  '@biomejs/cli-linux-arm64-musl@2.2.7':
    optional: true

  '@biomejs/cli-linux-arm64@2.2.7':
    optional: true

  '@biomejs/cli-linux-x64-musl@2.2.7':
    optional: true

  '@biomejs/cli-linux-x64@2.2.7':
    optional: true

  '@biomejs/cli-win32-arm64@2.2.7':
    optional: true

  '@biomejs/cli-win32-x64@2.2.7':
    optional: true

  '@esbuild/aix-ppc64@0.25.12':
    optional: true

  '@esbuild/android-arm64@0.25.12':
    optional: true

  '@esbuild/android-arm@0.25.12':
    optional: true

  '@esbuild/android-x64@0.25.12':
    optional: true

  '@esbuild/darwin-arm64@0.25.12':
    optional: true

  '@esbuild/darwin-x64@0.25.12':
    optional: true

  '@esbuild/freebsd-arm64@0.25.12':
    optional: true

  '@esbuild/freebsd-x64@0.25.12':
    optional: true

  '@esbuild/linux-arm64@0.25.12':
    optional: true

  '@esbuild/linux-arm@0.25.12':
    optional: true

  '@esbuild/linux-ia32@0.25.12':
    optional: true

  '@esbuild/linux-loong64@0.25.12':
    optional: true

  '@esbuild/linux-mips64el@0.25.12':
    optional: true

  '@esbuild/linux-ppc64@0.25.12':
    optional: true

  '@esbuild/linux-riscv64@0.25.12':
    optional: true

  '@esbuild/linux-s390x@0.25.12':
    optional: true

  '@esbuild/linux-x64@0.25.12':
    optional: true

  '@esbuild/netbsd-arm64@0.25.12':
    optional: true

  '@esbuild/netbsd-x64@0.25.12':
    optional: true

  '@esbuild/openbsd-arm64@0.25.12':
    optional: true

  '@esbuild/openbsd-x64@0.25.12':
    optional: true

  '@esbuild/openharmony-arm64@0.25.12':
    optional: true

  '@esbuild/sunos-x64@0.25.12':
    optional: true

  '@esbuild/win32-arm64@0.25.12':
    optional: true

  '@esbuild/win32-ia32@0.25.12':
    optional: true

  '@esbuild/win32-x64@0.25.12':
    optional: true

  '@shuding/opentype.js@1.4.0-beta.0':
    dependencies:
      fflate: 0.7.4
      string.prototype.codepointat: 0.2.1

  '@types/node@20.19.32':
    dependencies:
      undici-types: 6.21.0

  base64-js@0.0.8: {}

  camelize@1.0.1: {}

  color-name@1.1.4: {}

  css-background-parser@0.1.0: {}

  css-box-shadow@1.0.0-3: {}

  css-color-keywords@1.0.0: {}

  css-gradient-parser@0.0.17: {}

  css-to-react-native@3.2.0:
    dependencies:
      camelize: 1.0.1
      css-color-keywords: 1.0.0
      postcss-value-parser: 4.2.0

  emoji-regex-xs@2.0.1: {}

  esbuild@0.25.12:
    optionalDependencies:
      '@esbuild/aix-ppc64': 0.25.12
      '@esbuild/android-arm': 0.25.12
      '@esbuild/android-arm64': 0.25.12
      '@esbuild/android-x64': 0.25.12
      '@esbuild/darwin-arm64': 0.25.12
      '@esbuild/darwin-x64': 0.25.12
      '@esbuild/freebsd-arm64': 0.25.12
      '@esbuild/freebsd-x64': 0.25.12
      '@esbuild/linux-arm': 0.25.12
      '@esbuild/linux-arm64': 0.25.12
      '@esbuild/linux-ia32': 0.25.12
      '@esbuild/linux-loong64': 0.25.12
      '@esbuild/linux-mips64el': 0.25.12
      '@esbuild/linux-ppc64': 0.25.12
      '@esbuild/linux-riscv64': 0.25.12
      '@esbuild/linux-s390x': 0.25.12
      '@esbuild/linux-x64': 0.25.12
      '@esbuild/netbsd-arm64': 0.25.12
      '@esbuild/netbsd-x64': 0.25.12
      '@esbuild/openbsd-arm64': 0.25.12
      '@esbuild/openbsd-x64': 0.25.12
      '@esbuild/openharmony-arm64': 0.25.12
      '@esbuild/sunos-x64': 0.25.12
      '@esbuild/win32-arm64': 0.25.12
      '@esbuild/win32-ia32': 0.25.12
      '@esbuild/win32-x64': 0.25.12

  escape-html@1.0.3: {}

  fflate@0.7.4: {}

  fsevents@2.3.3:
    optional: true

  get-tsconfig@4.13.6:
    dependencies:
      resolve-pkg-maps: 1.0.0

  hex-rgb@4.3.0: {}

  js-tokens@4.0.0: {}

  linebreak@1.1.0:
    dependencies:
      base64-js: 0.0.8
      unicode-trie: 2.0.0

  loose-envify@1.4.0:
    dependencies:
      js-tokens: 4.0.0

  pako@0.2.9: {}

  parse-css-color@0.2.1:
    dependencies:
      color-name: 1.1.4
      hex-rgb: 4.3.0

  postcss-value-parser@4.2.0: {}

  react@18.3.1:
    dependencies:
      loose-envify: 1.4.0

  resolve-pkg-maps@1.0.0: {}

  satori@0.16.2:
    dependencies:
      '@shuding/opentype.js': 1.4.0-beta.0
      css-background-parser: 0.1.0
      css-box-shadow: 1.0.0-3
      css-gradient-parser: 0.0.17
      css-to-react-native: 3.2.0
      emoji-regex-xs: 2.0.1
      escape-html: 1.0.3
      linebreak: 1.1.0
      parse-css-color: 0.2.1
      postcss-value-parser: 4.2.0
      yoga-layout: 3.2.1

  string.prototype.codepointat@0.2.1: {}

  tiny-inflate@1.0.3: {}

  tsx@4.20.5:
    dependencies:
      esbuild: 0.25.12
      get-tsconfig: 4.13.6
    optionalDependencies:
      fsevents: 2.3.3

  undici-types@6.21.0: {}

  unicode-trie@2.0.0:
    dependencies:
      pako: 0.2.9
      tiny-inflate: 1.0.3

  yoga-layout@3.2.1: {}
